
Microsoft Visual Studio Solution File, Format Version 12.00
# Visual Studio Version 17
VisualStudioVersion = 17.7.34202.233
MinimumVisualStudioVersion = 10.0.40219.1
Project("{9A19103F-16F7-4668-BE54-9A1E7A4F7556}") = "NBAApi", "NBAApi\NBAApi.csproj", "{0DD86376-FBC8-4483-B045-2D2F73E37231}"
EndProject
Project("{FAE04EC0-301F-11D3-BF4B-00C04F79EFBC}") = "NBAWeb", "NBAWeb\NBAWeb.csproj", "{8E156420-12DF-4E26-B199-1455CEDB9640}"
EndProject
Global
	GlobalSection(SolutionConfigurationPlatforms) = preSolution
		Debug|Any CPU = Debug|Any CPU
		Release|Any CPU = Release|Any CPU
	EndGlobalSection
	GlobalSection(ProjectConfigurationPlatforms) = postSolution
		{0DD86376-FBC8-4483-B045-2D2F73E37231}.Debug|Any CPU.ActiveCfg = Debug|Any CPU
		{0DD86376-FBC8-4483-B045-2D2F73E37231}.Debug|Any CPU.Build.0 = Debug|Any CPU
		{0DD86376-FBC8-4483-B045-2D2F73E37231}.Release|Any CPU.ActiveCfg = Release|Any CPU
		{0DD86376-FBC8-4483-B045-2D2F73E37231}.Release|Any CPU.Build.0 = Release|Any CPU
		{8E156420-12DF-4E26-B199-1455CEDB9640}.Debug|Any CPU.ActiveCfg = Debug|Any CPU
		{8E156420-12DF-4E26-B199-1455CEDB9640}.Debug|Any CPU.Build.0 = Debug|Any CPU
		{8E156420-12DF-4E26-B199-1455CEDB9640}.Release|Any CPU.ActiveCfg = Release|Any CPU
		{8E156420-12DF-4E26-B199-1455CEDB9640}.Release|Any CPU.Build.0 = Release|Any CPU
	EndGlobalSection
	GlobalSection(SolutionProperties) = preSolution
		HideSolutionNode = FALSE
	EndGlobalSection
	GlobalSection(ExtensibilityGlobals) = postSolution
		SolutionGuid = {7173FBEA-A758-4A27-AF92-E83237BEDAA6}
	EndGlobalSection
EndGlobal
